Microsoft Visual Studio Solution File, Format Version 12.00
# Visual Studio Version 17
VisualStudioVersion = 17.5.2.0
MinimumVisualStudioVersion = 10.0.40219.1
Project("{FAE04EC0-301F-11D3-BF4B-00C04F79EFBC}") = "LaborProjekt", "LaborProjekt.csproj", "{1A2F82E3-C9FB-5EF8-587B-6BEB5F75DD55}"
EndProject
Global
	GlobalSection(SolutionConfigurationPlatforms) = preSolution
		Debug|Any CPU = Debug|Any CPU
		Release|Any CPU = Release|Any CPU
	EndGlobalSection
	GlobalSection(ProjectConfigurationPlatforms) = postSolution
		{1A2F82E3-C9FB-5EF8-587B-6BEB5F75DD55}.Debug|Any CPU.ActiveCfg = Debug|Any CPU
		{1A2F82E3-C9FB-5EF8-587B-6BEB5F75DD55}.Debug|Any CPU.Build.0 = Debug|Any CPU
		{1A2F82E3-C9FB-5EF8-587B-6BEB5F75DD55}.Release|Any CPU.ActiveCfg = Release|Any CPU
		{1A2F82E3-C9FB-5EF8-587B-6BEB5F75DD55}.Release|Any CPU.Build.0 = Release|Any CPU
	EndGlobalSection
	GlobalSection(SolutionProperties) = preSolution
		HideSolutionNode = FALSE
	EndGlobalSection
	GlobalSection(ExtensibilityGlobals) = postSolution
		SolutionGuid = {F0C866EA-DBF5-4A30-A7E0-F74774DC98C8}
	EndGlobalSection
EndGlobal
